
Microsoft Visual Studio Solution File, Format Version 12.00
# Visual Studio Version 17
VisualStudioVersion = 17.1.32414.318
MinimumVisualStudioVersion = 10.0.40219.1
Project("{FAE04EC0-301F-11D3-BF4B-00C04F79EFBC}") = "ADO_Assignment2", "ADO_Assignment2\ADO_Assignment2.csproj", "{C8B5A09B-2038-44FF-9E65-64BF27851BB0}"
EndProject
Global
	GlobalSection(SolutionConfigurationPlatforms) = preSolution
		Debug|Any CPU = Debug|Any CPU
		Release|Any CPU = Release|Any CPU
	EndGlobalSection
	GlobalSection(ProjectConfigurationPlatforms) = postSolution
		{C8B5A09B-2038-44FF-9E65-64BF27851BB0}.Debug|Any CPU.ActiveCfg = Debug|Any CPU
		{C8B5A09B-2038-44FF-9E65-64BF27851BB0}.Debug|Any CPU.Build.0 = Debug|Any CPU
		{C8B5A09B-2038-44FF-9E65-64BF27851BB0}.Release|Any CPU.ActiveCfg = Release|Any CPU
		{C8B5A09B-2038-44FF-9E65-64BF27851BB0}.Release|Any CPU.Build.0 = Release|Any CPU
	EndGlobalSection
	GlobalSection(SolutionProperties) = preSolution
		HideSolutionNode = FALSE
	EndGlobalSection
	GlobalSection(ExtensibilityGlobals) = postSolution
		SolutionGuid = {F0CB4CD7-0CD8-457B-A318-91852F18493B}
	EndGlobalSection
EndGlobal
